# THIS IS AN AUTOGENERATED FILE. DO NOT EDIT THIS FILE DIRECTLY.
# yarn lockfile v1


uniqid@^5.4.0:
  version "5.4.0"
  resolved "https://registry.yarnpkg.com/uniqid/-/uniqid-5.4.0.tgz#4e17bfcab66dfe33563411ae0c801f46ef964e66"
  integrity sha512-38JRbJ4Fj94VmnC7G/J/5n5SC7Ab46OM5iNtSstB/ko3l1b5g7ALt4qzHFgGciFkyiRNtDXtLNb+VsxtMSE77A==
